
Microsoft Visual Studio Solution File, Format Version 12.00
# Visual Studio Version 16
VisualStudioVersion = 16.0.29020.237
MinimumVisualStudioVersion = 10.0.40219.1
Project("{FAE04EC0-301F-11D3-BF4B-00C04F79EFBC}") = "ComForm", "ComForm\ComForm.csproj", "{D3499EE7-5F26-409F-97E0-AFB6D401AA0F}"
EndProject
Project("{FAE04EC0-301F-11D3-BF4B-00C04F79EFBC}") = "COMLIB", "COMLIB\COMLIB.csproj", "{3F0FAFBA-39EB-4FAA-B408-C8E6EDF61526}"
EndProject
Global
	GlobalSection(SolutionConfigurationPlatforms) = preSolution
		Debug|Any CPU = Debug|Any CPU
		Release|Any CPU = Release|Any CPU
	EndGlobalSection
	GlobalSection(ProjectConfigurationPlatforms) = postSolution
		{D3499EE7-5F26-409F-97E0-AFB6D401AA0F}.Debug|Any CPU.ActiveCfg = Debug|Any CPU
		{D3499EE7-5F26-409F-97E0-AFB6D401AA0F}.Debug|Any CPU.Build.0 = Debug|Any CPU
		{D3499EE7-5F26-409F-97E0-AFB6D401AA0F}.Release|Any CPU.ActiveCfg = Release|Any CPU
		{D3499EE7-5F26-409F-97E0-AFB6D401AA0F}.Release|Any CPU.Build.0 = Release|Any CPU
		{3F0FAFBA-39EB-4FAA-B408-C8E6EDF61526}.Debug|Any CPU.ActiveCfg = Debug|Any CPU
		{3F0FAFBA-39EB-4FAA-B408-C8E6EDF61526}.Debug|Any CPU.Build.0 = Debug|Any CPU
		{3F0FAFBA-39EB-4FAA-B408-C8E6EDF61526}.Release|Any CPU.ActiveCfg = Release|Any CPU
		{3F0FAFBA-39EB-4FAA-B408-C8E6EDF61526}.Release|Any CPU.Build.0 = Release|Any CPU
	EndGlobalSection
	GlobalSection(SolutionProperties) = preSolution
		HideSolutionNode = FALSE
	EndGlobalSection
	GlobalSection(ExtensibilityGlobals) = postSolution
		SolutionGuid = {14B42B15-BC4C-48EE-B1F6-5852F8016C57}
	EndGlobalSection
EndGlobal
